
Microsoft Visual Studio Solution File, Format Version 12.00
# Visual Studio Version 17
VisualStudioVersion = 17.14.36401.2 d17.14
MinimumVisualStudioVersion = 10.0.40219.1
Project("{FAE04EC0-301F-11D3-BF4B-00C04F79EFBC}") = "a25_intro_exemples", "a25_intro_exemples\a25_intro_exemples.csproj", "{B3380129-125C-4758-AF55-5F3E5FD92E5A}"
EndProject
Global
	GlobalSection(SolutionConfigurationPlatforms) = preSolution
		Debug|Any CPU = Debug|Any CPU
		Release|Any CPU = Release|Any CPU
	EndGlobalSection
	GlobalSection(ProjectConfigurationPlatforms) = postSolution
		{B3380129-125C-4758-AF55-5F3E5FD92E5A}.Debug|Any CPU.ActiveCfg = Debug|Any CPU
		{B3380129-125C-4758-AF55-5F3E5FD92E5A}.Debug|Any CPU.Build.0 = Debug|Any CPU
		{B3380129-125C-4758-AF55-5F3E5FD92E5A}.Release|Any CPU.ActiveCfg = Release|Any CPU
		{B3380129-125C-4758-AF55-5F3E5FD92E5A}.Release|Any CPU.Build.0 = Release|Any CPU
	EndGlobalSection
	GlobalSection(SolutionProperties) = preSolution
		HideSolutionNode = FALSE
	EndGlobalSection
	GlobalSection(ExtensibilityGlobals) = postSolution
		SolutionGuid = {C4515C3E-C063-4809-BB43-8E3161E5047F}
	EndGlobalSection
EndGlobal
